
Microsoft Visual Studio Solution File, Format Version 12.00
# Visual Studio 2012
Project("{FAE04EC0-301F-11D3-BF4B-00C04F79EFBC}") = "ExifLib", "ExifLib\ExifLib.csproj", "{4B695D0B-1FDF-4570-AD7A-6C431C55341B}"
EndProject
Project("{FAE04EC0-301F-11D3-BF4B-00C04F79EFBC}") = "TestProjectWeb", "TestProjectWeb\TestProjectWeb.csproj", "{871C67F9-8115-443B-912D-EE4D9428F6A7}"
EndProject
Project("{FAE04EC0-301F-11D3-BF4B-00C04F79EFBC}") = "TestProjectAndroid", "TestProjectAndroid\TestProjectAndroid.csproj", "{47B687D8-0791-4913-859B-1A04312E8B98}"
EndProject
Project("{FAE04EC0-301F-11D3-BF4B-00C04F79EFBC}") = "WP8TestApp", "WP8TestApp\WP8TestApp.csproj", "{BF5124CF-C9FB-439F-A219-CF3B76C21C44}"
EndProject
Project("{FAE04EC0-301F-11D3-BF4B-00C04F79EFBC}") = "Win8TestApp", "Win8TestApp\Win8TestApp.csproj", "{FA3EA488-E9BA-4A9E-9C23-36E9E355F366}"
EndProject
Global
	GlobalSection(SolutionConfigurationPlatforms) = preSolution
		Debug|Any CPU = Debug|Any CPU
		Debug|ARM = Debug|ARM
		Debug|x64 = Debug|x64
		Debug|x86 = Debug|x86
		Release|Any CPU = Release|Any CPU
		Release|ARM = Release|ARM
		Release|x64 = Release|x64
		Release|x86 = Release|x86
	EndGlobalSection
	GlobalSection(ProjectConfigurationPlatforms) = postSolution
		{4B695D0B-1FDF-4570-AD7A-6C431C55341B}.Debug|Any CPU.ActiveCfg = Debug|Any CPU
		{4B695D0B-1FDF-4570-AD7A-6C431C55341B}.Debug|Any CPU.Build.0 = Debug|Any CPU
		{4B695D0B-1FDF-4570-AD7A-6C431C55341B}.Debug|ARM.ActiveCfg = Debug|Any CPU
		{4B695D0B-1FDF-4570-AD7A-6C431C55341B}.Debug|x64.ActiveCfg = Debug|Any CPU
		{4B695D0B-1FDF-4570-AD7A-6C431C55341B}.Debug|x86.ActiveCfg = Debug|Any CPU
		{4B695D0B-1FDF-4570-AD7A-6C431C55341B}.Release|Any CPU.ActiveCfg = Release|Any CPU
		{4B695D0B-1FDF-4570-AD7A-6C431C55341B}.Release|Any CPU.Build.0 = Release|Any CPU
		{4B695D0B-1FDF-4570-AD7A-6C431C55341B}.Release|ARM.ActiveCfg = Release|Any CPU
		{4B695D0B-1FDF-4570-AD7A-6C431C55341B}.Release|x64.ActiveCfg = Release|Any CPU
		{4B695D0B-1FDF-4570-AD7A-6C431C55341B}.Release|x86.ActiveCfg = Release|Any CPU
		{871C67F9-8115-443B-912D-EE4D9428F6A7}.Debug|Any CPU.ActiveCfg = Debug|Any CPU
		{871C67F9-8115-443B-912D-EE4D9428F6A7}.Debug|Any CPU.Build.0 = Debug|Any CPU
		{871C67F9-8115-443B-912D-EE4D9428F6A7}.Debug|ARM.ActiveCfg = Debug|Any CPU
		{871C67F9-8115-443B-912D-EE4D9428F6A7}.Debug|x64.ActiveCfg = Debug|Any CPU
		{871C67F9-8115-443B-912D-EE4D9428F6A7}.Debug|x86.ActiveCfg = Debug|Any CPU
		{871C67F9-8115-443B-912D-EE4D9428F6A7}.Release|Any CPU.ActiveCfg = Release|Any CPU
		{871C67F9-8115-443B-912D-EE4D9428F6A7}.Release|Any CPU.Build.0 = Release|Any CPU
		{871C67F9-8115-443B-912D-EE4D9428F6A7}.Release|ARM.ActiveCfg = Release|Any CPU
		{871C67F9-8115-443B-912D-EE4D9428F6A7}.Release|x64.ActiveCfg = Release|Any CPU
		{871C67F9-8115-443B-912D-EE4D9428F6A7}.Release|x86.ActiveCfg = Release|Any CPU
		{47B687D8-0791-4913-859B-1A04312E8B98}.Debug|Any CPU.ActiveCfg = Debug|Any CPU
		{47B687D8-0791-4913-859B-1A04312E8B98}.Debug|Any CPU.Build.0 = Debug|Any CPU
		{47B687D8-0791-4913-859B-1A04312E8B98}.Debug|Any CPU.Deploy.0 = Debug|Any CPU
		{47B687D8-0791-4913-859B-1A04312E8B98}.Debug|ARM.ActiveCfg = Debug|Any CPU
		{47B687D8-0791-4913-859B-1A04312E8B98}.Debug|x64.ActiveCfg = Debug|Any CPU
		{47B687D8-0791-4913-859B-1A04312E8B98}.Debug|x86.ActiveCfg = Debug|Any CPU
		{47B687D8-0791-4913-859B-1A04312E8B98}.Release|Any CPU.ActiveCfg = Release|Any CPU
		{47B687D8-0791-4913-859B-1A04312E8B98}.Release|Any CPU.Build.0 = Release|Any CPU
		{47B687D8-0791-4913-859B-1A04312E8B98}.Release|Any CPU.Deploy.0 = Release|Any CPU
		{47B687D8-0791-4913-859B-1A04312E8B98}.Release|ARM.ActiveCfg = Release|Any CPU
		{47B687D8-0791-4913-859B-1A04312E8B98}.Release|x64.ActiveCfg = Release|Any CPU
		{47B687D8-0791-4913-859B-1A04312E8B98}.Release|x86.ActiveCfg = Release|Any CPU
		{BF5124CF-C9FB-439F-A219-CF3B76C21C44}.Debug|Any CPU.ActiveCfg = Debug|Any CPU
		{BF5124CF-C9FB-439F-A219-CF3B76C21C44}.Debug|Any CPU.Build.0 = Debug|Any CPU
		{BF5124CF-C9FB-439F-A219-CF3B76C21C44}.Debug|Any CPU.Deploy.0 = Debug|Any CPU
		{BF5124CF-C9FB-439F-A219-CF3B76C21C44}.Debug|ARM.ActiveCfg = Debug|ARM
		{BF5124CF-C9FB-439F-A219-CF3B76C21C44}.Debug|ARM.Build.0 = Debug|ARM
		{BF5124CF-C9FB-439F-A219-CF3B76C21C44}.Debug|ARM.Deploy.0 = Debug|ARM
		{BF5124CF-C9FB-439F-A219-CF3B76C21C44}.Debug|x64.ActiveCfg = Debug|Any CPU
		{BF5124CF-C9FB-439F-A219-CF3B76C21C44}.Debug|x86.ActiveCfg = Debug|x86
		{BF5124CF-C9FB-439F-A219-CF3B76C21C44}.Debug|x86.Build.0 = Debug|x86
		{BF5124CF-C9FB-439F-A219-CF3B76C21C44}.Debug|x86.Deploy.0 = Debug|x86
		{BF5124CF-C9FB-439F-A219-CF3B76C21C44}.Release|Any CPU.ActiveCfg = Release|Any CPU
		{BF5124CF-C9FB-439F-A219-CF3B76C21C44}.Release|Any CPU.Build.0 = Release|Any CPU
		{BF5124CF-C9FB-439F-A219-CF3B76C21C44}.Release|Any CPU.Deploy.0 = Release|Any CPU
		{BF5124CF-C9FB-439F-A219-CF3B76C21C44}.Release|ARM.ActiveCfg = Release|ARM
		{BF5124CF-C9FB-439F-A219-CF3B76C21C44}.Release|ARM.Build.0 = Release|ARM
		{BF5124CF-C9FB-439F-A219-CF3B76C21C44}.Release|ARM.Deploy.0 = Release|ARM
		{BF5124CF-C9FB-439F-A219-CF3B76C21C44}.Release|x64.ActiveCfg = Release|Any CPU
		{BF5124CF-C9FB-439F-A219-CF3B76C21C44}.Release|x86.ActiveCfg = Release|x86
		{BF5124CF-C9FB-439F-A219-CF3B76C21C44}.Release|x86.Build.0 = Release|x86
		{BF5124CF-C9FB-439F-A219-CF3B76C21C44}.Release|x86.Deploy.0 = Release|x86
		{FA3EA488-E9BA-4A9E-9C23-36E9E355F366}.Debug|Any CPU.ActiveCfg = Debug|Any CPU
		{FA3EA488-E9BA-4A9E-9C23-36E9E355F366}.Debug|Any CPU.Build.0 = Debug|Any CPU
		{FA3EA488-E9BA-4A9E-9C23-36E9E355F366}.Debug|Any CPU.Deploy.0 = Debug|Any CPU
		{FA3EA488-E9BA-4A9E-9C23-36E9E355F366}.Debug|ARM.ActiveCfg = Debug|ARM
		{FA3EA488-E9BA-4A9E-9C23-36E9E355F366}.Debug|ARM.Build.0 = Debug|ARM
		{FA3EA488-E9BA-4A9E-9C23-36E9E355F366}.Debug|ARM.Deploy.0 = Debug|ARM
		{FA3EA488-E9BA-4A9E-9C23-36E9E355F366}.Debug|x64.ActiveCfg = Debug|x64
		{FA3EA488-E9BA-4A9E-9C23-36E9E355F366}.Debug|x64.Build.0 = Debug|x64
		{FA3EA488-E9BA-4A9E-9C23-36E9E355F366}.Debug|x64.Deploy.0 = Debug|x64
		{FA3EA488-E9BA-4A9E-9C23-36E9E355F366}.Debug|x86.ActiveCfg = Debug|x86
		{FA3EA488-E9BA-4A9E-9C23-36E9E355F366}.Debug|x86.Build.0 = Debug|x86
		{FA3EA488-E9BA-4A9E-9C23-36E9E355F366}.Debug|x86.Deploy.0 = Debug|x86
		{FA3EA488-E9BA-4A9E-9C23-36E9E355F366}.Release|Any CPU.ActiveCfg = Release|Any CPU
		{FA3EA488-E9BA-4A9E-9C23-36E9E355F366}.Release|Any CPU.Build.0 = Release|Any CPU
		{FA3EA488-E9BA-4A9E-9C23-36E9E355F366}.Release|Any CPU.Deploy.0 = Release|Any CPU
		{FA3EA488-E9BA-4A9E-9C23-36E9E355F366}.Release|ARM.ActiveCfg = Release|ARM
		{FA3EA488-E9BA-4A9E-9C23-36E9E355F366}.Release|ARM.Build.0 = Release|ARM
		{FA3EA488-E9BA-4A9E-9C23-36E9E355F366}.Release|ARM.Deploy.0 = Release|ARM
		{FA3EA488-E9BA-4A9E-9C23-36E9E355F366}.Release|x64.ActiveCfg = Release|x64
		{FA3EA488-E9BA-4A9E-9C23-36E9E355F366}.Release|x64.Build.0 = Release|x64
		{FA3EA488-E9BA-4A9E-9C23-36E9E355F366}.Release|x64.Deploy.0 = Release|x64
		{FA3EA488-E9BA-4A9E-9C23-36E9E355F366}.Release|x86.ActiveCfg = Release|x86
		{FA3EA488-E9BA-4A9E-9C23-36E9E355F366}.Release|x86.Build.0 = Release|x86
		{FA3EA488-E9BA-4A9E-9C23-36E9E355F366}.Release|x86.Deploy.0 = Release|x86
	EndGlobalSection
	GlobalSection(SolutionProperties) = preSolution
		HideSolutionNode = FALSE
	EndGlobalSection
EndGlobal
